<Solution>
  <Configurations>
    <Platform Name="Any CPU" />
    <Platform Name="x64" />
    <Platform Name="x86" />
  </Configurations>
  <Project Path="CodeGenerator/CodeGenerator.csproj" />
  <Project Path="ImGui.NET.SampleProgram.XNA/ImGui.NET.SampleProgram.XNA.csproj" />
  <Project Path="ImGui.NET.SampleProgram/ImGui.NET.SampleProgram.csproj" />
  <Project Path="ImGui.NET/ImGui.NET.csproj" />
  <Project Path="ImGuizmo.NET/ImGuizmo.NET.csproj" />
  <Project Path="ImNodes.NET/ImNodes.NET.csproj" />
  <Project Path="ImPlot.NET/ImPlot.NET.csproj" />
  <Project Path="TestDotNetStandardLib/TestDotNetStandardLib.csproj" />
</Solution>
